{
  "name": "myportfolio",
  "version": "1.0.0",
  "lockfileVersion": 3,
  "requires": true,
  "packages": {
    "": {
      "name": "myportfolio",
      "version": "1.0.0",
      "license": "ISC",
      "devDependencies": {
        "vite-plugin-include-html": "^1.0.0"
      }
    },
    "node_modules/vite-include-html-plugin": {
      "version": "0.0.2",
      "resolved": "https://registry.npmjs.org/vite-include-html-plugin/-/vite-include-html-plugin-0.0.2.tgz",
      "integrity": "sha512-hLteMtA48EaT9Ta3BXCYFYEUlrCjroTBz7dP3MKScHsXaNc0SDMWk7ThOfx7ggh0AXDdSd+/fqYnaXQ7EeBbNQ==",
      "dev": true
    },
    "node_modules/vite-plugin-include-html": {
      "version": "1.0.0",
      "resolved": "https://registry.npmjs.org/vite-plugin-include-html/-/vite-plugin-include-html-1.0.0.tgz",
      "integrity": "sha512-lOa/iFpM0C2sBpUXOH5/CUQwkg5LiaqyBcDTQm8Wmw9ZjPd3f53libCbXBCjfTr749CocL153rd36mXdQRO/jA==",
      "dev": true,
      "dependencies": {
        "vite-include-html-plugin": "^0.0.2"
      }
    }
  }
}
